
Microsoft Visual Studio Solution File, Format Version 12.00
# Visual Studio 15
VisualStudioVersion = 15.0.27703.2042
MinimumVisualStudioVersion = 10.0.40219.1
Project("{FAE04EC0-301F-11D3-BF4B-00C04F79EFBC}") = "task1", "task1\task1.csproj", "{7AC3120B-9277-4A8D-8658-874F21F880D1}"
EndProject
Project("{FAE04EC0-301F-11D3-BF4B-00C04F79EFBC}") = "task2", "task2\task2.csproj", "{84076125-3822-434F-B435-9F8813188141}"
EndProject
Project("{FAE04EC0-301F-11D3-BF4B-00C04F79EFBC}") = "task3", "task3\task3.csproj", "{F96CE333-7DA4-46A0-B695-080F02066B45}"
EndProject
Project("{FAE04EC0-301F-11D3-BF4B-00C04F79EFBC}") = "task4", "task4\task4.csproj", "{646338FF-D357-4070-9F61-C3E8FBFB0F7C}"
EndProject
Global
	GlobalSection(SolutionConfigurationPlatforms) = preSolution
		Debug|Any CPU = Debug|Any CPU
		Release|Any CPU = Release|Any CPU
	EndGlobalSection
	GlobalSection(ProjectConfigurationPlatforms) = postSolution
		{7AC3120B-9277-4A8D-8658-874F21F880D1}.Debug|Any CPU.ActiveCfg = Debug|Any CPU
		{7AC3120B-9277-4A8D-8658-874F21F880D1}.Debug|Any CPU.Build.0 = Debug|Any CPU
		{7AC3120B-9277-4A8D-8658-874F21F880D1}.Release|Any CPU.ActiveCfg = Release|Any CPU
		{7AC3120B-9277-4A8D-8658-874F21F880D1}.Release|Any CPU.Build.0 = Release|Any CPU
		{84076125-3822-434F-B435-9F8813188141}.Debug|Any CPU.ActiveCfg = Debug|Any CPU
		{84076125-3822-434F-B435-9F8813188141}.Debug|Any CPU.Build.0 = Debug|Any CPU
		{84076125-3822-434F-B435-9F8813188141}.Release|Any CPU.ActiveCfg = Release|Any CPU
		{84076125-3822-434F-B435-9F8813188141}.Release|Any CPU.Build.0 = Release|Any CPU
		{F96CE333-7DA4-46A0-B695-080F02066B45}.Debug|Any CPU.ActiveCfg = Debug|Any CPU
		{F96CE333-7DA4-46A0-B695-080F02066B45}.Debug|Any CPU.Build.0 = Debug|Any CPU
		{F96CE333-7DA4-46A0-B695-080F02066B45}.Release|Any CPU.ActiveCfg = Release|Any CPU
		{F96CE333-7DA4-46A0-B695-080F02066B45}.Release|Any CPU.Build.0 = Release|Any CPU
		{646338FF-D357-4070-9F61-C3E8FBFB0F7C}.Debug|Any CPU.ActiveCfg = Debug|Any CPU
		{646338FF-D357-4070-9F61-C3E8FBFB0F7C}.Debug|Any CPU.Build.0 = Debug|Any CPU
		{646338FF-D357-4070-9F61-C3E8FBFB0F7C}.Release|Any CPU.ActiveCfg = Release|Any CPU
		{646338FF-D357-4070-9F61-C3E8FBFB0F7C}.Release|Any CPU.Build.0 = Release|Any CPU
	EndGlobalSection
	GlobalSection(SolutionProperties) = preSolution
		HideSolutionNode = FALSE
	EndGlobalSection
	GlobalSection(ExtensibilityGlobals) = postSolution
		SolutionGuid = {5D89BC7D-7460-424E-AB19-66DDC1DC8235}
	EndGlobalSection
EndGlobal
