
Microsoft Visual Studio Solution File, Format Version 12.00
# Visual Studio 15
VisualStudioVersion = 15.0.28010.2041
MinimumVisualStudioVersion = 10.0.40219.1
Project("{FAE04EC0-301F-11D3-BF4B-00C04F79EFBC}") = "Task1Library", "Task1Library\Task1Library.csproj", "{334F2569-6422-4169-9E43-E3BBAA470A39}"
EndProject
Project("{FAE04EC0-301F-11D3-BF4B-00C04F79EFBC}") = "Task1", "Task1\Task1.csproj", "{48F7C10D-3033-4260-A2EE-084C06A8C692}"
EndProject
Project("{FAE04EC0-301F-11D3-BF4B-00C04F79EFBC}") = "task2", "task2\task2.csproj", "{35F7627E-E29B-43BB-81A9-391EC361FBC5}"
EndProject
Project("{FAE04EC0-301F-11D3-BF4B-00C04F79EFBC}") = "task3", "task3\task3.csproj", "{61602C9C-BDA6-4DD0-B536-1228DFF055B4}"
EndProject
Global
	GlobalSection(SolutionConfigurationPlatforms) = preSolution
		Debug|Any CPU = Debug|Any CPU
		Release|Any CPU = Release|Any CPU
	EndGlobalSection
	GlobalSection(ProjectConfigurationPlatforms) = postSolution
		{334F2569-6422-4169-9E43-E3BBAA470A39}.Debug|Any CPU.ActiveCfg = Debug|Any CPU
		{334F2569-6422-4169-9E43-E3BBAA470A39}.Debug|Any CPU.Build.0 = Debug|Any CPU
		{334F2569-6422-4169-9E43-E3BBAA470A39}.Release|Any CPU.ActiveCfg = Release|Any CPU
		{334F2569-6422-4169-9E43-E3BBAA470A39}.Release|Any CPU.Build.0 = Release|Any CPU
		{48F7C10D-3033-4260-A2EE-084C06A8C692}.Debug|Any CPU.ActiveCfg = Debug|Any CPU
		{48F7C10D-3033-4260-A2EE-084C06A8C692}.Debug|Any CPU.Build.0 = Debug|Any CPU
		{48F7C10D-3033-4260-A2EE-084C06A8C692}.Release|Any CPU.ActiveCfg = Release|Any CPU
		{48F7C10D-3033-4260-A2EE-084C06A8C692}.Release|Any CPU.Build.0 = Release|Any CPU
		{35F7627E-E29B-43BB-81A9-391EC361FBC5}.Debug|Any CPU.ActiveCfg = Debug|Any CPU
		{35F7627E-E29B-43BB-81A9-391EC361FBC5}.Debug|Any CPU.Build.0 = Debug|Any CPU
		{35F7627E-E29B-43BB-81A9-391EC361FBC5}.Release|Any CPU.ActiveCfg = Release|Any CPU
		{35F7627E-E29B-43BB-81A9-391EC361FBC5}.Release|Any CPU.Build.0 = Release|Any CPU
		{61602C9C-BDA6-4DD0-B536-1228DFF055B4}.Debug|Any CPU.ActiveCfg = Debug|Any CPU
		{61602C9C-BDA6-4DD0-B536-1228DFF055B4}.Debug|Any CPU.Build.0 = Debug|Any CPU
		{61602C9C-BDA6-4DD0-B536-1228DFF055B4}.Release|Any CPU.ActiveCfg = Release|Any CPU
		{61602C9C-BDA6-4DD0-B536-1228DFF055B4}.Release|Any CPU.Build.0 = Release|Any CPU
	EndGlobalSection
	GlobalSection(SolutionProperties) = preSolution
		HideSolutionNode = FALSE
	EndGlobalSection
	GlobalSection(ExtensibilityGlobals) = postSolution
		SolutionGuid = {7A516DA0-A372-4EB8-9CA6-BC51EBA353D9}
	EndGlobalSection
EndGlobal
